
Microsoft Visual Studio Solution File, Format Version 12.00
# Visual Studio Version 17
VisualStudioVersion = 17.6.33717.318
MinimumVisualStudioVersion = 10.0.40219.1
Project("{FAE04EC0-301F-11D3-BF4B-00C04F79EFBC}") = "WebApi", "WebApi\WebApi.csproj", "{6392D974-F7AF-4A81-8B6C-6770720F3065}"
EndProject
Global
	GlobalSection(SolutionConfigurationPlatforms) = preSolution
		Debug|Any CPU = Debug|Any CPU
		Release|Any CPU = Release|Any CPU
	EndGlobalSection
	GlobalSection(ProjectConfigurationPlatforms) = postSolution
		{6392D974-F7AF-4A81-8B6C-6770720F3065}.Debug|Any CPU.ActiveCfg = Debug|Any CPU
		{6392D974-F7AF-4A81-8B6C-6770720F3065}.Debug|Any CPU.Build.0 = Debug|Any CPU
		{6392D974-F7AF-4A81-8B6C-6770720F3065}.Release|Any CPU.ActiveCfg = Release|Any CPU
		{6392D974-F7AF-4A81-8B6C-6770720F3065}.Release|Any CPU.Build.0 = Release|Any CPU
	EndGlobalSection
	GlobalSection(SolutionProperties) = preSolution
		HideSolutionNode = FALSE
	EndGlobalSection
	GlobalSection(ExtensibilityGlobals) = postSolution
		SolutionGuid = {D963F1B8-C412-4E46-A9D9-C1B77D7A397A}
	EndGlobalSection
EndGlobal
